
Microsoft Visual Studio Solution File, Format Version 12.00
# Visual Studio 15
VisualStudioVersion = 15.0.27703.2042
MinimumVisualStudioVersion = 10.0.40219.1
Project("{FAE04EC0-301F-11D3-BF4B-00C04F79EFBC}") = "Swagger4WCF", "Swagger4WCF\Swagger4WCF.csproj", "{4A5677A4-B462-4FDB-9F9D-552AF7A8FED8}"
EndProject
Project("{FAE04EC0-301F-11D3-BF4B-00C04F79EFBC}") = "Swagger4WCF.Demo", "Swagger4WCF.Demo\Swagger4WCF.Demo.csproj", "{BFA8D668-25C2-4C79-9B68-DB751E063A07}"
EndProject
Global
	GlobalSection(SolutionConfigurationPlatforms) = preSolution
		Debug|Any CPU = Debug|Any CPU
		Release|Any CPU = Release|Any CPU
	EndGlobalSection
	GlobalSection(ProjectConfigurationPlatforms) = postSolution
		{4A5677A4-B462-4FDB-9F9D-552AF7A8FED8}.Debug|Any CPU.ActiveCfg = Debug|Any CPU
		{4A5677A4-B462-4FDB-9F9D-552AF7A8FED8}.Debug|Any CPU.Build.0 = Debug|Any CPU
		{4A5677A4-B462-4FDB-9F9D-552AF7A8FED8}.Release|Any CPU.ActiveCfg = Release|Any CPU
		{4A5677A4-B462-4FDB-9F9D-552AF7A8FED8}.Release|Any CPU.Build.0 = Release|Any CPU
		{BFA8D668-25C2-4C79-9B68-DB751E063A07}.Debug|Any CPU.ActiveCfg = Debug|Any CPU
		{BFA8D668-25C2-4C79-9B68-DB751E063A07}.Debug|Any CPU.Build.0 = Debug|Any CPU
		{BFA8D668-25C2-4C79-9B68-DB751E063A07}.Release|Any CPU.ActiveCfg = Release|Any CPU
		{BFA8D668-25C2-4C79-9B68-DB751E063A07}.Release|Any CPU.Build.0 = Release|Any CPU
	EndGlobalSection
	GlobalSection(SolutionProperties) = preSolution
		HideSolutionNode = FALSE
	EndGlobalSection
	GlobalSection(ExtensibilityGlobals) = postSolution
		SolutionGuid = {ED385AD7-0050-4F6D-A6C2-DDC05DDD82DE}
	EndGlobalSection
EndGlobal
